
Microsoft Visual Studio Solution File, Format Version 12.00
# Visual Studio Version 17
VisualStudioVersion = 17.5.33516.290
MinimumVisualStudioVersion = 10.0.40219.1
Project("{FAE04EC0-301F-11D3-BF4B-00C04F79EFBC}") = "WindowsFormsApp1", "WindowsFormsApp1\WindowsFormsApp1.csproj", "{72D1B7BB-41E1-42D0-B147-182343663C60}"
EndProject
Global
	GlobalSection(SolutionConfigurationPlatforms) = preSolution
		Debug|Any CPU = Debug|Any CPU
		Release|Any CPU = Release|Any CPU
	EndGlobalSection
	GlobalSection(ProjectConfigurationPlatforms) = postSolution
		{72D1B7BB-41E1-42D0-B147-182343663C60}.Debug|Any CPU.ActiveCfg = Debug|Any CPU
		{72D1B7BB-41E1-42D0-B147-182343663C60}.Debug|Any CPU.Build.0 = Debug|Any CPU
		{72D1B7BB-41E1-42D0-B147-182343663C60}.Release|Any CPU.ActiveCfg = Release|Any CPU
		{72D1B7BB-41E1-42D0-B147-182343663C60}.Release|Any CPU.Build.0 = Release|Any CPU
	EndGlobalSection
	GlobalSection(SolutionProperties) = preSolution
		HideSolutionNode = FALSE
	EndGlobalSection
	GlobalSection(ExtensibilityGlobals) = postSolution
		SolutionGuid = {0D66A48A-942B-4F34-B2C2-ED420D5B73BA}
	EndGlobalSection
EndGlobal
